
Microsoft Visual Studio Solution File, Format Version 12.00
# Visual Studio Version 17
VisualStudioVersion = 17.10.35027.167
MinimumVisualStudioVersion = 10.0.40219.1
Project("{8BC9CEB8-8B4A-11D0-8D11-00A0C91BC942}") = "DemoApp", "DemoApp.vcxproj", "{A6363663-C339-4FCD-A9FA-0E07913C658C}"
EndProject
Project("{8BC9CEB8-8B4A-11D0-8D11-00A0C91BC942}") = "Arc", "..\..\Arc\Win64\Arc.vcxproj", "{B4E730A3-E943-4D1D-A793-AA6FB1E09B3E}"
EndProject
Project("{8BC9CEB8-8B4A-11D0-8D11-00A0C91BC942}") = "File", "..\..\File\Win64\File.vcxproj", "{FA321253-610E-4DA9-AAAF-413753B2583F}"
EndProject
Project("{8BC9CEB8-8B4A-11D0-8D11-00A0C91BC942}") = "GCPtr", "..\..\GCPtr\Win64\GCPtr.vcxproj", "{B5AE5B9C-7CF7-44EC-AAD2-59F2B2AE0427}"
EndProject
Project("{8BC9CEB8-8B4A-11D0-8D11-00A0C91BC942}") = "LuaProcess", "..\..\LuaProcess\Win64\LuaProcess.vcxproj", "{1E150B7B-D245-486D-9836-EF8430386AAC}"
EndProject
Project("{8BC9CEB8-8B4A-11D0-8D11-00A0C91BC942}") = "MemoryManagement", "..\..\MemoryManagement\Win64\MemoryManagement.vcxproj", "{C52A2944-0CBD-43A6-95BF-1D9A0DCF6839}"
EndProject
Project("{8BC9CEB8-8B4A-11D0-8D11-00A0C91BC942}") = "Modules", "..\..\Modules\Win64\Modules.vcxproj", "{A88AF1C8-4AAD-460C-B139-7C76801A4CA1}"
EndProject
Project("{8BC9CEB8-8B4A-11D0-8D11-00A0C91BC942}") = "Schema", "..\..\Schema\Win64\Schema.vcxproj", "{E8D979A6-7EE2-4A87-93B9-364895EC9A9A}"
EndProject
Project("{8BC9CEB8-8B4A-11D0-8D11-00A0C91BC942}") = "VM", "..\..\VM\Win64\VM.vcxproj", "{22934A0C-444D-4D93-861A-C3D4D3624C20}"
EndProject
Project("{8BC9CEB8-8B4A-11D0-8D11-00A0C91BC942}") = "Common", "..\..\Common\Win64\Common.vcxproj", "{11D2858F-BCCD-40D8-96E2-4015DB1E0215}"
EndProject
Project("{8BC9CEB8-8B4A-11D0-8D11-00A0C91BC942}") = "json", "..\..\..\..\shhThirdParty\json\Win64\json.vcxproj", "{27BD8D57-10B3-4B04-AC7F-523000B0A095}"
EndProject
Project("{8BC9CEB8-8B4A-11D0-8D11-00A0C91BC942}") = "Lua", "..\..\..\..\shhThirdParty\Lua\WIn64\Lua.vcxproj", "{B751A706-C11A-45FF-ACC6-D2256B0BF937}"
EndProject
Global
	GlobalSection(SolutionConfigurationPlatforms) = preSolution
		Debug|x64 = Debug|x64
		Debug|x86 = Debug|x86
		Release|x64 = Release|x64
		Release|x86 = Release|x86
	EndGlobalSection
	GlobalSection(ProjectConfigurationPlatforms) = postSolution
		{A6363663-C339-4FCD-A9FA-0E07913C658C}.Debug|x64.ActiveCfg = Debug|x64
		{A6363663-C339-4FCD-A9FA-0E07913C658C}.Debug|x64.Build.0 = Debug|x64
		{A6363663-C339-4FCD-A9FA-0E07913C658C}.Debug|x86.ActiveCfg = Debug|Win32
		{A6363663-C339-4FCD-A9FA-0E07913C658C}.Debug|x86.Build.0 = Debug|Win32
		{A6363663-C339-4FCD-A9FA-0E07913C658C}.Release|x64.ActiveCfg = Release|x64
		{A6363663-C339-4FCD-A9FA-0E07913C658C}.Release|x64.Build.0 = Release|x64
		{A6363663-C339-4FCD-A9FA-0E07913C658C}.Release|x86.ActiveCfg = Release|Win32
		{A6363663-C339-4FCD-A9FA-0E07913C658C}.Release|x86.Build.0 = Release|Win32
		{B4E730A3-E943-4D1D-A793-AA6FB1E09B3E}.Debug|x64.ActiveCfg = Debug|x64
		{B4E730A3-E943-4D1D-A793-AA6FB1E09B3E}.Debug|x64.Build.0 = Debug|x64
		{B4E730A3-E943-4D1D-A793-AA6FB1E09B3E}.Debug|x86.ActiveCfg = Debug|Win32
		{B4E730A3-E943-4D1D-A793-AA6FB1E09B3E}.Debug|x86.Build.0 = Debug|Win32
		{B4E730A3-E943-4D1D-A793-AA6FB1E09B3E}.Release|x64.ActiveCfg = Release|x64
		{B4E730A3-E943-4D1D-A793-AA6FB1E09B3E}.Release|x64.Build.0 = Release|x64
		{B4E730A3-E943-4D1D-A793-AA6FB1E09B3E}.Release|x86.ActiveCfg = Release|Win32
		{B4E730A3-E943-4D1D-A793-AA6FB1E09B3E}.Release|x86.Build.0 = Release|Win32
		{FA321253-610E-4DA9-AAAF-413753B2583F}.Debug|x64.ActiveCfg = Debug|x64
		{FA321253-610E-4DA9-AAAF-413753B2583F}.Debug|x64.Build.0 = Debug|x64
		{FA321253-610E-4DA9-AAAF-413753B2583F}.Debug|x86.ActiveCfg = Debug|x64
		{FA321253-610E-4DA9-AAAF-413753B2583F}.Debug|x86.Build.0 = Debug|x64
		{FA321253-610E-4DA9-AAAF-413753B2583F}.Release|x64.ActiveCfg = Release|x64
		{FA321253-610E-4DA9-AAAF-413753B2583F}.Release|x64.Build.0 = Release|x64
		{FA321253-610E-4DA9-AAAF-413753B2583F}.Release|x86.ActiveCfg = Release|x64
		{FA321253-610E-4DA9-AAAF-413753B2583F}.Release|x86.Build.0 = Release|x64
		{B5AE5B9C-7CF7-44EC-AAD2-59F2B2AE0427}.Debug|x64.ActiveCfg = Debug|x64
		{B5AE5B9C-7CF7-44EC-AAD2-59F2B2AE0427}.Debug|x64.Build.0 = Debug|x64
		{B5AE5B9C-7CF7-44EC-AAD2-59F2B2AE0427}.Debug|x86.ActiveCfg = Debug|Win32
		{B5AE5B9C-7CF7-44EC-AAD2-59F2B2AE0427}.Debug|x86.Build.0 = Debug|Win32
		{B5AE5B9C-7CF7-44EC-AAD2-59F2B2AE0427}.Release|x64.ActiveCfg = Release|x64
		{B5AE5B9C-7CF7-44EC-AAD2-59F2B2AE0427}.Release|x64.Build.0 = Release|x64
		{B5AE5B9C-7CF7-44EC-AAD2-59F2B2AE0427}.Release|x86.ActiveCfg = Release|Win32
		{B5AE5B9C-7CF7-44EC-AAD2-59F2B2AE0427}.Release|x86.Build.0 = Release|Win32
		{1E150B7B-D245-486D-9836-EF8430386AAC}.Debug|x64.ActiveCfg = Debug|x64
		{1E150B7B-D245-486D-9836-EF8430386AAC}.Debug|x64.Build.0 = Debug|x64
		{1E150B7B-D245-486D-9836-EF8430386AAC}.Debug|x86.ActiveCfg = Debug|Win32
		{1E150B7B-D245-486D-9836-EF8430386AAC}.Debug|x86.Build.0 = Debug|Win32
		{1E150B7B-D245-486D-9836-EF8430386AAC}.Release|x64.ActiveCfg = Release|x64
		{1E150B7B-D245-486D-9836-EF8430386AAC}.Release|x64.Build.0 = Release|x64
		{1E150B7B-D245-486D-9836-EF8430386AAC}.Release|x86.ActiveCfg = Release|Win32
		{1E150B7B-D245-486D-9836-EF8430386AAC}.Release|x86.Build.0 = Release|Win32
		{C52A2944-0CBD-43A6-95BF-1D9A0DCF6839}.Debug|x64.ActiveCfg = Debug|x64
		{C52A2944-0CBD-43A6-95BF-1D9A0DCF6839}.Debug|x64.Build.0 = Debug|x64
		{C52A2944-0CBD-43A6-95BF-1D9A0DCF6839}.Debug|x86.ActiveCfg = Debug|x64
		{C52A2944-0CBD-43A6-95BF-1D9A0DCF6839}.Debug|x86.Build.0 = Debug|x64
		{C52A2944-0CBD-43A6-95BF-1D9A0DCF6839}.Release|x64.ActiveCfg = Release|x64
		{C52A2944-0CBD-43A6-95BF-1D9A0DCF6839}.Release|x64.Build.0 = Release|x64
		{C52A2944-0CBD-43A6-95BF-1D9A0DCF6839}.Release|x86.ActiveCfg = Release|x64
		{C52A2944-0CBD-43A6-95BF-1D9A0DCF6839}.Release|x86.Build.0 = Release|x64
		{A88AF1C8-4AAD-460C-B139-7C76801A4CA1}.Debug|x64.ActiveCfg = Debug|x64
		{A88AF1C8-4AAD-460C-B139-7C76801A4CA1}.Debug|x64.Build.0 = Debug|x64
		{A88AF1C8-4AAD-460C-B139-7C76801A4CA1}.Debug|x86.ActiveCfg = Debug|Win32
		{A88AF1C8-4AAD-460C-B139-7C76801A4CA1}.Debug|x86.Build.0 = Debug|Win32
		{A88AF1C8-4AAD-460C-B139-7C76801A4CA1}.Release|x64.ActiveCfg = Release|x64
		{A88AF1C8-4AAD-460C-B139-7C76801A4CA1}.Release|x64.Build.0 = Release|x64
		{A88AF1C8-4AAD-460C-B139-7C76801A4CA1}.Release|x86.ActiveCfg = Release|Win32
		{A88AF1C8-4AAD-460C-B139-7C76801A4CA1}.Release|x86.Build.0 = Release|Win32
		{E8D979A6-7EE2-4A87-93B9-364895EC9A9A}.Debug|x64.ActiveCfg = Debug|x64
		{E8D979A6-7EE2-4A87-93B9-364895EC9A9A}.Debug|x64.Build.0 = Debug|x64
		{E8D979A6-7EE2-4A87-93B9-364895EC9A9A}.Debug|x86.ActiveCfg = Debug|Win32
		{E8D979A6-7EE2-4A87-93B9-364895EC9A9A}.Debug|x86.Build.0 = Debug|Win32
		{E8D979A6-7EE2-4A87-93B9-364895EC9A9A}.Release|x64.ActiveCfg = Release|x64
		{E8D979A6-7EE2-4A87-93B9-364895EC9A9A}.Release|x64.Build.0 = Release|x64
		{E8D979A6-7EE2-4A87-93B9-364895EC9A9A}.Release|x86.ActiveCfg = Release|Win32
		{E8D979A6-7EE2-4A87-93B9-364895EC9A9A}.Release|x86.Build.0 = Release|Win32
		{22934A0C-444D-4D93-861A-C3D4D3624C20}.Debug|x64.ActiveCfg = Debug|x64
		{22934A0C-444D-4D93-861A-C3D4D3624C20}.Debug|x64.Build.0 = Debug|x64
		{22934A0C-444D-4D93-861A-C3D4D3624C20}.Debug|x86.ActiveCfg = Debug|Win32
		{22934A0C-444D-4D93-861A-C3D4D3624C20}.Debug|x86.Build.0 = Debug|Win32
		{22934A0C-444D-4D93-861A-C3D4D3624C20}.Release|x64.ActiveCfg = Release|x64
		{22934A0C-444D-4D93-861A-C3D4D3624C20}.Release|x64.Build.0 = Release|x64
		{22934A0C-444D-4D93-861A-C3D4D3624C20}.Release|x86.ActiveCfg = Release|Win32
		{22934A0C-444D-4D93-861A-C3D4D3624C20}.Release|x86.Build.0 = Release|Win32
		{11D2858F-BCCD-40D8-96E2-4015DB1E0215}.Debug|x64.ActiveCfg = Debug|x64
		{11D2858F-BCCD-40D8-96E2-4015DB1E0215}.Debug|x64.Build.0 = Debug|x64
		{11D2858F-BCCD-40D8-96E2-4015DB1E0215}.Debug|x86.ActiveCfg = Debug|Win32
		{11D2858F-BCCD-40D8-96E2-4015DB1E0215}.Debug|x86.Build.0 = Debug|Win32
		{11D2858F-BCCD-40D8-96E2-4015DB1E0215}.Release|x64.ActiveCfg = Release|x64
		{11D2858F-BCCD-40D8-96E2-4015DB1E0215}.Release|x64.Build.0 = Release|x64
		{11D2858F-BCCD-40D8-96E2-4015DB1E0215}.Release|x86.ActiveCfg = Release|Win32
		{11D2858F-BCCD-40D8-96E2-4015DB1E0215}.Release|x86.Build.0 = Release|Win32
		{27BD8D57-10B3-4B04-AC7F-523000B0A095}.Debug|x64.ActiveCfg = Debug|x64
		{27BD8D57-10B3-4B04-AC7F-523000B0A095}.Debug|x64.Build.0 = Debug|x64
		{27BD8D57-10B3-4B04-AC7F-523000B0A095}.Debug|x86.ActiveCfg = Debug|Win32
		{27BD8D57-10B3-4B04-AC7F-523000B0A095}.Debug|x86.Build.0 = Debug|Win32
		{27BD8D57-10B3-4B04-AC7F-523000B0A095}.Release|x64.ActiveCfg = Release|x64
		{27BD8D57-10B3-4B04-AC7F-523000B0A095}.Release|x64.Build.0 = Release|x64
		{27BD8D57-10B3-4B04-AC7F-523000B0A095}.Release|x86.ActiveCfg = Release|Win32
		{27BD8D57-10B3-4B04-AC7F-523000B0A095}.Release|x86.Build.0 = Release|Win32
		{B751A706-C11A-45FF-ACC6-D2256B0BF937}.Debug|x64.ActiveCfg = Debug|x64
		{B751A706-C11A-45FF-ACC6-D2256B0BF937}.Debug|x64.Build.0 = Debug|x64
		{B751A706-C11A-45FF-ACC6-D2256B0BF937}.Debug|x86.ActiveCfg = Debug|Win32
		{B751A706-C11A-45FF-ACC6-D2256B0BF937}.Debug|x86.Build.0 = Debug|Win32
		{B751A706-C11A-45FF-ACC6-D2256B0BF937}.Release|x64.ActiveCfg = Release|x64
		{B751A706-C11A-45FF-ACC6-D2256B0BF937}.Release|x64.Build.0 = Release|x64
		{B751A706-C11A-45FF-ACC6-D2256B0BF937}.Release|x86.ActiveCfg = Release|Win32
		{B751A706-C11A-45FF-ACC6-D2256B0BF937}.Release|x86.Build.0 = Release|Win32
	EndGlobalSection
	GlobalSection(SolutionProperties) = preSolution
		HideSolutionNode = FALSE
	EndGlobalSection
	GlobalSection(ExtensibilityGlobals) = postSolution
		SolutionGuid = {B67CABA3-4929-4593-93CE-3B144E9B8144}
	EndGlobalSection
EndGlobal
